
Microsoft Visual Studio Solution File, Format Version 12.00
# Visual Studio Version 16
VisualStudioVersion = 16.0.30711.63
MinimumVisualStudioVersion = 10.0.40219.1
Project("{FAE04EC0-301F-11D3-BF4B-00C04F79EFBC}") = "CollectionMtg2", "CollectionMtg2\CollectionMtg2.csproj", "{1B905970-F915-4734-9262-AF6C0B4521E6}"
EndProject
Project("{FAE04EC0-301F-11D3-BF4B-00C04F79EFBC}") = "CollectionTests", "CollectionTests\CollectionTests.csproj", "{ACDCF6ED-27FC-49D7-BC17-190C8E383832}"
EndProject
Global
	GlobalSection(SolutionConfigurationPlatforms) = preSolution
		Debug|Any CPU = Debug|Any CPU
		Release|Any CPU = Release|Any CPU
	EndGlobalSection
	GlobalSection(ProjectConfigurationPlatforms) = postSolution
		{1B905970-F915-4734-9262-AF6C0B4521E6}.Debug|Any CPU.ActiveCfg = Debug|Any CPU
		{1B905970-F915-4734-9262-AF6C0B4521E6}.Debug|Any CPU.Build.0 = Debug|Any CPU
		{1B905970-F915-4734-9262-AF6C0B4521E6}.Release|Any CPU.ActiveCfg = Release|Any CPU
		{1B905970-F915-4734-9262-AF6C0B4521E6}.Release|Any CPU.Build.0 = Release|Any CPU
		{ACDCF6ED-27FC-49D7-BC17-190C8E383832}.Debug|Any CPU.ActiveCfg = Debug|Any CPU
		{ACDCF6ED-27FC-49D7-BC17-190C8E383832}.Debug|Any CPU.Build.0 = Debug|Any CPU
		{ACDCF6ED-27FC-49D7-BC17-190C8E383832}.Release|Any CPU.ActiveCfg = Release|Any CPU
		{ACDCF6ED-27FC-49D7-BC17-190C8E383832}.Release|Any CPU.Build.0 = Release|Any CPU
	EndGlobalSection
	GlobalSection(SolutionProperties) = preSolution
		HideSolutionNode = FALSE
	EndGlobalSection
	GlobalSection(ExtensibilityGlobals) = postSolution
		SolutionGuid = {2402A4FE-BBE5-4510-8F98-CF14ED8A6DAB}
	EndGlobalSection
EndGlobal
